
Microsoft Visual Studio Solution File, Format Version 12.00
# Visual Studio 15
VisualStudioVersion = 15.0.28010.2019
MinimumVisualStudioVersion = 10.0.40219.1
Project("{FAE04EC0-301F-11D3-BF4B-00C04F79EFBC}") = "events.tac.local", "events.tac.local\events.tac.local.csproj", "{AF46B6F3-28DB-41FC-9841-A3DA3DC37690}"
EndProject
Project("{FAE04EC0-301F-11D3-BF4B-00C04F79EFBC}") = "tac.utils", "tac.utils\tac.utils.csproj", "{1C59F3AA-127D-4D46-92A9-8EB82692B76A}"
EndProject
Project("{FAE04EC0-301F-11D3-BF4B-00C04F79EFBC}") = "Events.UnitTests", "Events.UnitTests\Events.UnitTests.csproj", "{C47DFB6D-584C-42E5-B12B-128FBD741D4E}"
EndProject
Global
	GlobalSection(SolutionConfigurationPlatforms) = preSolution
		Debug|Any CPU = Debug|Any CPU
		Release|Any CPU = Release|Any CPU
	EndGlobalSection
	GlobalSection(ProjectConfigurationPlatforms) = postSolution
		{AF46B6F3-28DB-41FC-9841-A3DA3DC37690}.Debug|Any CPU.ActiveCfg = Debug|Any CPU
		{AF46B6F3-28DB-41FC-9841-A3DA3DC37690}.Debug|Any CPU.Build.0 = Debug|Any CPU
		{AF46B6F3-28DB-41FC-9841-A3DA3DC37690}.Release|Any CPU.ActiveCfg = Release|Any CPU
		{AF46B6F3-28DB-41FC-9841-A3DA3DC37690}.Release|Any CPU.Build.0 = Release|Any CPU
		{1C59F3AA-127D-4D46-92A9-8EB82692B76A}.Debug|Any CPU.ActiveCfg = Debug|Any CPU
		{1C59F3AA-127D-4D46-92A9-8EB82692B76A}.Debug|Any CPU.Build.0 = Debug|Any CPU
		{1C59F3AA-127D-4D46-92A9-8EB82692B76A}.Release|Any CPU.ActiveCfg = Release|Any CPU
		{1C59F3AA-127D-4D46-92A9-8EB82692B76A}.Release|Any CPU.Build.0 = Release|Any CPU
		{C47DFB6D-584C-42E5-B12B-128FBD741D4E}.Debug|Any CPU.ActiveCfg = Debug|Any CPU
		{C47DFB6D-584C-42E5-B12B-128FBD741D4E}.Debug|Any CPU.Build.0 = Debug|Any CPU
		{C47DFB6D-584C-42E5-B12B-128FBD741D4E}.Release|Any CPU.ActiveCfg = Release|Any CPU
		{C47DFB6D-584C-42E5-B12B-128FBD741D4E}.Release|Any CPU.Build.0 = Release|Any CPU
	EndGlobalSection
	GlobalSection(SolutionProperties) = preSolution
		HideSolutionNode = FALSE
	EndGlobalSection
	GlobalSection(ExtensibilityGlobals) = postSolution
		SolutionGuid = {0021C95C-E180-4138-B893-9DD1CF018E50}
	EndGlobalSection
EndGlobal
